
Microsoft Visual Studio Solution File, Format Version 12.00
# Visual Studio Version 16
VisualStudioVersion = 16.0.29326.143
MinimumVisualStudioVersion = 10.0.40219.1
Project("{FAE04EC0-301F-11D3-BF4B-00C04F79EFBC}") = "BooksApi", "BooksApi\BooksApi.csproj", "{36C11D13-A3B9-4D5E-832C-0F87B932234C}"
EndProject
Global
	GlobalSection(SolutionConfigurationPlatforms) = preSolution
		Debug|Any CPU = Debug|Any CPU
		Release|Any CPU = Release|Any CPU
	EndGlobalSection
	GlobalSection(ProjectConfigurationPlatforms) = postSolution
		{36C11D13-A3B9-4D5E-832C-0F87B932234C}.Debug|Any CPU.ActiveCfg = Debug|Any CPU
		{36C11D13-A3B9-4D5E-832C-0F87B932234C}.Debug|Any CPU.Build.0 = Debug|Any CPU
		{36C11D13-A3B9-4D5E-832C-0F87B932234C}.Release|Any CPU.ActiveCfg = Release|Any CPU
		{36C11D13-A3B9-4D5E-832C-0F87B932234C}.Release|Any CPU.Build.0 = Release|Any CPU
	EndGlobalSection
	GlobalSection(SolutionProperties) = preSolution
		HideSolutionNode = FALSE
	EndGlobalSection
	GlobalSection(ExtensibilityGlobals) = postSolution
		SolutionGuid = {5CA91B5C-C7A2-43CC-8DAF-484095ED6858}
	EndGlobalSection
EndGlobal
